// !$*UTF8*$!
{
	archiveVersion = 1;
	classes = {
	};
	objectVersion = 51;
	objects = {

/* Begin PBXBuildFile section */
		5B0DCCA7CABD82917B338179 /* Pods_NewsProject.framework in Frameworks */ = {isa = PBXBuildFile; fileRef = 0F126719D67CE2BBF63FBF3B /* Pods_NewsProject.framework */; };
		A487C8B8233E276D00088B6E /* NewsDetailViewController.swift in Sources */ = {isa = PBXBuildFile; fileRef = A487C8B7233E276D00088B6E /* NewsDetailViewController.swift */; };
		A487C8BA233E277F00088B6E /* NewsDetailView.swift in Sources */ = {isa = PBXBuildFile; fileRef = A487C8B9233E277F00088B6E /* NewsDetailView.swift */; };
		A4E7BDE3233E05B00050FF23 /* AppDelegate.swift in Sources */ = {isa = PBXBuildFile; fileRef = A4E7BDE2233E05B00050FF23 /* AppDelegate.swift */; };
		A4E7BDE5233E05B00050FF23 /* SceneDelegate.swift in Sources */ = {isa = PBXBuildFile; fileRef = A4E7BDE4233E05B00050FF23 /* SceneDelegate.swift */; };
		A4E7BDE7233E05B00050FF23 /* ViewController.swift in Sources */ = {isa = PBXBuildFile; fileRef = A4E7BDE6233E05B00050FF23 /* ViewController.swift */; };
		A4E7BDEA233E05B00050FF23 /* Main.storyboard in Resources */ = {isa = PBXBuildFile; fileRef = A4E7BDE8233E05B00050FF23 /* Main.storyboard */; };
		A4E7BDEC233E05B30050FF23 /* Assets.xcassets in Resources */ = {isa = PBXBuildFile; fileRef = A4E7BDEB233E05B30050FF23 /* Assets.xcassets */; };
		A4E7BDEF233E05B30050FF23 /* LaunchScreen.storyboard in Resources */ = {isa = PBXBuildFile; fileRef = A4E7BDED233E05B30050FF23 /* LaunchScreen.storyboard */; };
		A4E7BDF8233E06D10050FF23 /* EndPoint.swift in Sources */ = {isa = PBXBuildFile; fileRef = A4E7BDF7233E06D10050FF23 /* EndPoint.swift */; };
		A4E7BDFB233E06FE0050FF23 /* HTTPMethods.swift in Sources */ = {isa = PBXBuildFile; fileRef = A4E7BDFA233E06FE0050FF23 /* HTTPMethods.swift */; };
		A4E7BDFD233E07150050FF23 /* HTTPTask.swift in Sources */ = {isa = PBXBuildFile; fileRef = A4E7BDFC233E07150050FF23 /* HTTPTask.swift */; };
		A4E7BDFF233E07320050FF23 /* HTTPHeaders.swift in Sources */ = {isa = PBXBuildFile; fileRef = A4E7BDFE233E07320050FF23 /* HTTPHeaders.swift */; };
		A4E7BE01233E07490050FF23 /* Parameter.swift in Sources */ = {isa = PBXBuildFile; fileRef = A4E7BE00233E07490050FF23 /* Parameter.swift */; };
		A4E7BE04233E07600050FF23 /* Encoding.swift in Sources */ = {isa = PBXBuildFile; fileRef = A4E7BE03233E07600050FF23 /* Encoding.swift */; };
		A4E7BE06233E07760050FF23 /* URLEncoding.swift in Sources */ = {isa = PBXBuildFile; fileRef = A4E7BE05233E07760050FF23 /* URLEncoding.swift */; };
		A4E7BE08233E078F0050FF23 /* JSONEncoding.swift in Sources */ = {isa = PBXBuildFile; fileRef = A4E7BE07233E078F0050FF23 /* JSONEncoding.swift */; };
		A4E7BE0A233E07A60050FF23 /* Errors.swift in Sources */ = {isa = PBXBuildFile; fileRef = A4E7BE09233E07A60050FF23 /* Errors.swift */; };
		A4E7BE0D233E07C60050FF23 /* Logs.swift in Sources */ = {isa = PBXBuildFile; fileRef = A4E7BE0C233E07C60050FF23 /* Logs.swift */; };
		A4E7BE0F233E07E20050FF23 /* NetWorkRouter.swift in Sources */ = {isa = PBXBuildFile; fileRef = A4E7BE0E233E07E20050FF23 /* NetWorkRouter.swift */; };
		A4E7BE11233E07FB0050FF23 /* Router.swift in Sources */ = {isa = PBXBuildFile; fileRef = A4E7BE10233E07FB0050FF23 /* Router.swift */; };
		A4E7BE14233E082D0050FF23 /* NetWorkManager.swift in Sources */ = {isa = PBXBuildFile; fileRef = A4E7BE13233E082D0050FF23 /* NetWorkManager.swift */; };
		A4E7BE16233E087E0050FF23 /* EndPointType.swift in Sources */ = {isa = PBXBuildFile; fileRef = A4E7BE15233E087E0050FF23 /* EndPointType.swift */; };
		A4E7BE19233E0A0F0050FF23 /* NewsModule.swift in Sources */ = {isa = PBXBuildFile; fileRef = A4E7BE18233E0A0F0050FF23 /* NewsModule.swift */; };
		A4E7BE1B233E0B410050FF23 /* ImageLoader.swift in Sources */ = {isa = PBXBuildFile; fileRef = A4E7BE1A233E0B410050FF23 /* ImageLoader.swift */; };
		A4E7BE1E233E0CFE0050FF23 /* AutoLayout.swift in Sources */ = {isa = PBXBuildFile; fileRef = A4E7BE1D233E0CFE0050FF23 /* AutoLayout.swift */; };
		A4E7BE20233E0DD00050FF23 /* NewsViewModel.swift in Sources */ = {isa = PBXBuildFile; fileRef = A4E7BE1F233E0DD00050FF23 /* NewsViewModel.swift */; };
		A4E7BE24233E15B60050FF23 /* NewsTableViewCell.swift in Sources */ = {isa = PBXBuildFile; fileRef = A4E7BE23233E15B60050FF23 /* NewsTableViewCell.swift */; };
/* End PBXBuildFile section */

/* Begin PBXFileReference section */
		0F126719D67CE2BBF63FBF3B /* Pods_NewsProject.framework */ = {isa = PBXFileReference; explicitFileType = wrapper.framework; includeInIndex = 0; path = Pods_NewsProject.framework; sourceTree = BUILT_PRODUCTS_DIR; };
		3DE8F40328142733C45DE5EA /* Pods-NewsProject.debug.xcconfig */ = {isa = PBXFileReference; includeInIndex = 1; lastKnownFileType = text.xcconfig; name = "Pods-NewsProject.debug.xcconfig"; path = "Target Support Files/Pods-NewsProject/Pods-NewsProject.debug.xcconfig"; sourceTree = "<group>"; };
		A487C8B7233E276D00088B6E /* NewsDetailViewController.swift */ = {isa = PBXFileReference; lastKnownFileType = sourcecode.swift; path = NewsDetailViewController.swift; sourceTree = "<group>"; };
		A487C8B9233E277F00088B6E /* NewsDetailView.swift */ = {isa = PBXFileReference; lastKnownFileType = sourcecode.swift; path = NewsDetailView.swift; sourceTree = "<group>"; };
		A4E7BDDF233E05B00050FF23 /* NewsProject.app */ = {isa = PBXFileReference; explicitFileType = wrapper.application; includeInIndex = 0; path = NewsProject.app; sourceTree = BUILT_PRODUCTS_DIR; };
		A4E7BDE2233E05B00050FF23 /* AppDelegate.swift */ = {isa = PBXFileReference; lastKnownFileType = sourcecode.swift; path = AppDelegate.swift; sourceTree = "<group>"; };
		A4E7BDE4233E05B00050FF23 /* SceneDelegate.swift */ = {isa = PBXFileReference; lastKnownFileType = sourcecode.swift; path = SceneDelegate.swift; sourceTree = "<group>"; };
		A4E7BDE6233E05B00050FF23 /* ViewController.swift */ = {isa = PBXFileReference; lastKnownFileType = sourcecode.swift; path = ViewController.swift; sourceTree = "<group>"; };
		A4E7BDE9233E05B00050FF23 /* Base */ = {isa = PBXFileReference; lastKnownFileType = file.storyboard; name = Base; path = Base.lproj/Main.storyboard; sourceTree = "<group>"; };
		A4E7BDEB233E05B30050FF23 /* Assets.xcassets */ = {isa = PBXFileReference; lastKnownFileType = folder.assetcatalog; path = Assets.xcassets; sourceTree = "<group>"; };
		A4E7BDEE233E05B30050FF23 /* Base */ = {isa = PBXFileReference; lastKnownFileType = file.storyboard; name = Base; path = Base.lproj/LaunchScreen.storyboard; sourceTree = "<group>"; };
		A4E7BDF0233E05B30050FF23 /* Info.plist */ = {isa = PBXFileReference; lastKnownFileType = text.plist.xml; path = Info.plist; sourceTree = "<group>"; };
		A4E7BDF7233E06D10050FF23 /* EndPoint.swift */ = {isa = PBXFileReference; lastKnownFileType = sourcecode.swift; path = EndPoint.swift; sourceTree = "<group>"; };
		A4E7BDFA233E06FE0050FF23 /* HTTPMethods.swift */ = {isa = PBXFileReference; lastKnownFileType = sourcecode.swift; path = HTTPMethods.swift; sourceTree = "<group>"; };
		A4E7BDFC233E07150050FF23 /* HTTPTask.swift */ = {isa = PBXFileReference; lastKnownFileType = sourcecode.swift; path = HTTPTask.swift; sourceTree = "<group>"; };
		A4E7BDFE233E07320050FF23 /* HTTPHeaders.swift */ = {isa = PBXFileReference; lastKnownFileType = sourcecode.swift; path = HTTPHeaders.swift; sourceTree = "<group>"; };
		A4E7BE00233E07490050FF23 /* Parameter.swift */ = {isa = PBXFileReference; lastKnownFileType = sourcecode.swift; path = Parameter.swift; sourceTree = "<group>"; };
		A4E7BE03233E07600050FF23 /* Encoding.swift */ = {isa = PBXFileReference; lastKnownFileType = sourcecode.swift; path = Encoding.swift; sourceTree = "<group>"; };
		A4E7BE05233E07760050FF23 /* URLEncoding.swift */ = {isa = PBXFileReference; lastKnownFileType = sourcecode.swift; path = URLEncoding.swift; sourceTree = "<group>"; };
		A4E7BE07233E078F0050FF23 /* JSONEncoding.swift */ = {isa = PBXFileReference; lastKnownFileType = sourcecode.swift; path = JSONEncoding.swift; sourceTree = "<group>"; };
		A4E7BE09233E07A60050FF23 /* Errors.swift */ = {isa = PBXFileReference; lastKnownFileType = sourcecode.swift; path = Errors.swift; sourceTree = "<group>"; };
		A4E7BE0C233E07C60050FF23 /* Logs.swift */ = {isa = PBXFileReference; lastKnownFileType = sourcecode.swift; path = Logs.swift; sourceTree = "<group>"; };
		A4E7BE0E233E07E20050FF23 /* NetWorkRouter.swift */ = {isa = PBXFileReference; lastKnownFileType = sourcecode.swift; path = NetWorkRouter.swift; sourceTree = "<group>"; };
		A4E7BE10233E07FB0050FF23 /* Router.swift */ = {isa = PBXFileReference; lastKnownFileType = sourcecode.swift; path = Router.swift; sourceTree = "<group>"; };
		A4E7BE13233E082D0050FF23 /* NetWorkManager.swift */ = {isa = PBXFileReference; lastKnownFileType = sourcecode.swift; path = NetWorkManager.swift; sourceTree = "<group>"; };
		A4E7BE15233E087E0050FF23 /* EndPointType.swift */ = {isa = PBXFileReference; lastKnownFileType = sourcecode.swift; path = EndPointType.swift; sourceTree = "<group>"; };
		A4E7BE18233E0A0F0050FF23 /* NewsModule.swift */ = {isa = PBXFileReference; lastKnownFileType = sourcecode.swift; path = NewsModule.swift; sourceTree = "<group>"; };
		A4E7BE1A233E0B410050FF23 /* ImageLoader.swift */ = {isa = PBXFileReference; lastKnownFileType = sourcecode.swift; path = ImageLoader.swift; sourceTree = "<group>"; };
		A4E7BE1D233E0CFE0050FF23 /* AutoLayout.swift */ = {isa = PBXFileReference; lastKnownFileType = sourcecode.swift; path = AutoLayout.swift; sourceTree = "<group>"; };
		A4E7BE1F233E0DD00050FF23 /* NewsViewModel.swift */ = {isa = PBXFileReference; lastKnownFileType = sourcecode.swift; path = NewsViewModel.swift; sourceTree = "<group>"; };
		A4E7BE23233E15B60050FF23 /* NewsTableViewCell.swift */ = {isa = PBXFileReference; lastKnownFileType = sourcecode.swift; path = NewsTableViewCell.swift; sourceTree = "<group>"; };
		E6F67DEE43B0170BB9DEB6B2 /* Pods-NewsProject.release.xcconfig */ = {isa = PBXFileReference; includeInIndex = 1; lastKnownFileType = text.xcconfig; name = "Pods-NewsProject.release.xcconfig"; path = "Target Support Files/Pods-NewsProject/Pods-NewsProject.release.xcconfig"; sourceTree = "<group>"; };
/* End PBXFileReference section */

/* Begin PBXFrameworksBuildPhase section */
		A4E7BDDC233E05B00050FF23 /* Frameworks */ = {
			isa = PBXFrameworksBuildPhase;
			buildActionMask = 2147483647;
			files = (
				5B0DCCA7CABD82917B338179 /* Pods_NewsProject.framework in Frameworks */,
			);
			runOnlyForDeploymentPostprocessing = 0;
		};
/* End PBXFrameworksBuildPhase section */

/* Begin PBXGroup section */
		A487C8B6233E272900088B6E /* NewsDetail */ = {
			isa = PBXGroup;
			children = (
				A487C8B7233E276D00088B6E /* NewsDetailViewController.swift */,
				A487C8B9233E277F00088B6E /* NewsDetailView.swift */,
			);
			path = NewsDetail;
			sourceTree = "<group>";
		};
		A4E7BDD6233E05B00050FF23 = {
			isa = PBXGroup;
			children = (
				A4E7BDE1233E05B00050FF23 /* NewsProject */,
				A4E7BDE0233E05B00050FF23 /* Products */,
				F43A3CF08A39C5E992D1F727 /* Pods */,
				C3EFB4500A016581A3988E94 /* Frameworks */,
			);
			sourceTree = "<group>";
		};
		A4E7BDE0233E05B00050FF23 /* Products */ = {
			isa = PBXGroup;
			children = (
				A4E7BDDF233E05B00050FF23 /* NewsProject.app */,
			);
			name = Products;
			sourceTree = "<group>";
		};
		A4E7BDE1233E05B00050FF23 /* NewsProject */ = {
			isa = PBXGroup;
			children = (
				A4E7BDE2233E05B00050FF23 /* AppDelegate.swift */,
				A4E7BDE4233E05B00050FF23 /* SceneDelegate.swift */,
				A4E7BE1C233E0CF10050FF23 /* Layout */,
				A4E7BE17233E0A060050FF23 /* News */,
				A4E7BDF6233E06C00050FF23 /* Networking */,
				A4E7BDE8233E05B00050FF23 /* Main.storyboard */,
				A4E7BDEB233E05B30050FF23 /* Assets.xcassets */,
				A4E7BDED233E05B30050FF23 /* LaunchScreen.storyboard */,
				A4E7BDF0233E05B30050FF23 /* Info.plist */,
			);
			path = NewsProject;
			sourceTree = "<group>";
		};
		A4E7BDF6233E06C00050FF23 /* Networking */ = {
			isa = PBXGroup;
			children = (
				A4E7BE12233E08210050FF23 /* Manager */,
				A4E7BE0B233E07BC0050FF23 /* Router */,
				A4E7BE02233E07510050FF23 /* Encoding */,
				A4E7BDF9233E06EC0050FF23 /* Service */,
				A4E7BDF7233E06D10050FF23 /* EndPoint.swift */,
				A4E7BE15233E087E0050FF23 /* EndPointType.swift */,
				A4E7BE09233E07A60050FF23 /* Errors.swift */,
				A4E7BE1A233E0B410050FF23 /* ImageLoader.swift */,
			);
			path = Networking;
			sourceTree = "<group>";
		};
		A4E7BDF9233E06EC0050FF23 /* Service */ = {
			isa = PBXGroup;
			children = (
				A4E7BDFA233E06FE0050FF23 /* HTTPMethods.swift */,
				A4E7BDFE233E07320050FF23 /* HTTPHeaders.swift */,
				A4E7BDFC233E07150050FF23 /* HTTPTask.swift */,
				A4E7BE00233E07490050FF23 /* Parameter.swift */,
			);
			path = Service;
			sourceTree = "<group>";
		};
		A4E7BE02233E07510050FF23 /* Encoding */ = {
			isa = PBXGroup;
			children = (
				A4E7BE03233E07600050FF23 /* Encoding.swift */,
				A4E7BE05233E07760050FF23 /* URLEncoding.swift */,
				A4E7BE07233E078F0050FF23 /* JSONEncoding.swift */,
			);
			path = Encoding;
			sourceTree = "<group>";
		};
		A4E7BE0B233E07BC0050FF23 /* Router */ = {
			isa = PBXGroup;
			children = (
				A4E7BE0C233E07C60050FF23 /* Logs.swift */,
				A4E7BE10233E07FB0050FF23 /* Router.swift */,
				A4E7BE0E233E07E20050FF23 /* NetWorkRouter.swift */,
			);
			path = Router;
			sourceTree = "<group>";
		};
		A4E7BE12233E08210050FF23 /* Manager */ = {
			isa = PBXGroup;
			children = (
				A4E7BE13233E082D0050FF23 /* NetWorkManager.swift */,
			);
			path = Manager;
			sourceTree = "<group>";
		};
		A4E7BE17233E0A060050FF23 /* News */ = {
			isa = PBXGroup;
			children = (
				A487C8B6233E272900088B6E /* NewsDetail */,
				A4E7BDE6233E05B00050FF23 /* ViewController.swift */,
				A4E7BE1F233E0DD00050FF23 /* NewsViewModel.swift */,
				A4E7BE23233E15B60050FF23 /* NewsTableViewCell.swift */,
				A4E7BE18233E0A0F0050FF23 /* NewsModule.swift */,
			);
			path = News;
			sourceTree = "<group>";
		};
		A4E7BE1C233E0CF10050FF23 /* Layout */ = {
			isa = PBXGroup;
			children = (
				A4E7BE1D233E0CFE0050FF23 /* AutoLayout.swift */,
			);
			path = Layout;
			sourceTree = "<group>";
		};
		C3EFB4500A016581A3988E94 /* Frameworks */ = {
			isa = PBXGroup;
			children = (
				0F126719D67CE2BBF63FBF3B /* Pods_NewsProject.framework */,
			);
			name = Frameworks;
			sourceTree = "<group>";
		};
		F43A3CF08A39C5E992D1F727 /* Pods */ = {
			isa = PBXGroup;
			children = (
				3DE8F40328142733C45DE5EA /* Pods-NewsProject.debug.xcconfig */,
				E6F67DEE43B0170BB9DEB6B2 /* Pods-NewsProject.release.xcconfig */,
			);
			path = Pods;
			sourceTree = "<group>";
		};
/* End PBXGroup section */

/* Begin PBXNativeTarget section */
		A4E7BDDE233E05B00050FF23 /* NewsProject */ = {
			isa = PBXNativeTarget;
			buildConfigurationList = A4E7BDF3233E05B30050FF23 /* Build configuration list for PBXNativeTarget "NewsProject" */;
			buildPhases = (
				4442EF69B7641A190DC413D2 /* [CP] Check Pods Manifest.lock */,
				A4E7BDDB233E05B00050FF23 /* Sources */,
				A4E7BDDC233E05B00050FF23 /* Frameworks */,
				A4E7BDDD233E05B00050FF23 /* Resources */,
				B5238032008F78CFDBDBE412 /* [CP] Embed Pods Frameworks */,
			);
			buildRules = (
			);
			dependencies = (
			);
			name = NewsProject;
			productName = NewsProject;
			productReference = A4E7BDDF233E05B00050FF23 /* NewsProject.app */;
			productType = "com.apple.product-type.application";
		};
/* End PBXNativeTarget section */

/* Begin PBXProject section */
		A4E7BDD7233E05B00050FF23 /* Project object */ = {
			isa = PBXProject;
			attributes = {
				LastSwiftUpdateCheck = 1100;
				LastUpgradeCheck = 1100;
				ORGANIZATIONNAME = "Shyngys Kuandyk";
				TargetAttributes = {
					A4E7BDDE233E05B00050FF23 = {
						CreatedOnToolsVersion = 11.0;
					};
				};
			};
			buildConfigurationList = A4E7BDDA233E05B00050FF23 /* Build configuration list for PBXProject "NewsProject" */;
			compatibilityVersion = "Xcode 9.3";
			developmentRegion = en;
			hasScannedForEncodings = 0;
			knownRegions = (
				en,
				Base,
			);
			mainGroup = A4E7BDD6233E05B00050FF23;
			productRefGroup = A4E7BDE0233E05B00050FF23 /* Products */;
			projectDirPath = "";
			projectRoot = "";
			targets = (
				A4E7BDDE233E05B00050FF23 /* NewsProject */,
			);
		};
/* End PBXProject section */

/* Begin PBXResourcesBuildPhase section */
		A4E7BDDD233E05B00050FF23 /* Resources */ = {
			isa = PBXResourcesBuildPhase;
			buildActionMask = 2147483647;
			files = (
				A4E7BDEF233E05B30050FF23 /* LaunchScreen.storyboard in Resources */,
				A4E7BDEC233E05B30050FF23 /* Assets.xcassets in Resources */,
				A4E7BDEA233E05B00050FF23 /* Main.storyboard in Resources */,
			);
			runOnlyForDeploymentPostprocessing = 0;
		};
/* End PBXResourcesBuildPhase section */

/* Begin PBXShellScriptBuildPhase section */
		4442EF69B7641A190DC413D2 /* [CP] Check Pods Manifest.lock */ = {
			isa = PBXShellScriptBuildPhase;
			buildActionMask = 2147483647;
			files = (
			);
			inputFileListPaths = (
			);
			inputPaths = (
				"${PODS_PODFILE_DIR_PATH}/Podfile.lock",
				"${PODS_ROOT}/Manifest.lock",
			);
			name = "[CP] Check Pods Manifest.lock";
			outputFileListPaths = (
			);
			outputPaths = (
				"$(DERIVED_FILE_DIR)/Pods-NewsProject-checkManifestLockResult.txt",
			);
			runOnlyForDeploymentPostprocessing = 0;
			shellPath = /bin/sh;
			shellScript = "diff \"${PODS_PODFILE_DIR_PATH}/Podfile.lock\" \"${PODS_ROOT}/Manifest.lock\" > /dev/null\nif [ $? != 0 ] ; then\n    # print error to STDERR\n    echo \"error: The sandbox is not in sync with the Podfile.lock. Run 'pod install' or update your CocoaPods installation.\" >&2\n    exit 1\nfi\n# This output is used by Xcode 'outputs' to avoid re-running this script phase.\necho \"SUCCESS\" > \"${SCRIPT_OUTPUT_FILE_0}\"\n";
			showEnvVarsInLog = 0;
		};
		B5238032008F78CFDBDBE412 /* [CP] Embed Pods Frameworks */ = {
			isa = PBXShellScriptBuildPhase;
			buildActionMask = 2147483647;
			files = (
			);
			inputFileListPaths = (
				"${PODS_ROOT}/Target Support Files/Pods-NewsProject/Pods-NewsProject-frameworks-${CONFIGURATION}-input-files.xcfilelist",
			);
			name = "[CP] Embed Pods Frameworks";
			outputFileListPaths = (
				"${PODS_ROOT}/Target Support Files/Pods-NewsProject/Pods-NewsProject-frameworks-${CONFIGURATION}-output-files.xcfilelist",
			);
			runOnlyForDeploymentPostprocessing = 0;
			shellPath = /bin/sh;
			shellScript = "\"${PODS_ROOT}/Target Support Files/Pods-NewsProject/Pods-NewsProject-frameworks.sh\"\n";
			showEnvVarsInLog = 0;
		};
/* End PBXShellScriptBuildPhase section */

/* Begin PBXSourcesBuildPhase section */
		A4E7BDDB233E05B00050FF23 /* Sources */ = {
			isa = PBXSourcesBuildPhase;
			buildActionMask = 2147483647;
			files = (
				A4E7BE08233E078F0050FF23 /* JSONEncoding.swift in Sources */,
				A4E7BE04233E07600050FF23 /* Encoding.swift in Sources */,
				A4E7BDFD233E07150050FF23 /* HTTPTask.swift in Sources */,
				A4E7BDFB233E06FE0050FF23 /* HTTPMethods.swift in Sources */,
				A4E7BE20233E0DD00050FF23 /* NewsViewModel.swift in Sources */,
				A4E7BE14233E082D0050FF23 /* NetWorkManager.swift in Sources */,
				A4E7BE0D233E07C60050FF23 /* Logs.swift in Sources */,
				A4E7BE24233E15B60050FF23 /* NewsTableViewCell.swift in Sources */,
				A487C8B8233E276D00088B6E /* NewsDetailViewController.swift in Sources */,
				A4E7BE0A233E07A60050FF23 /* Errors.swift in Sources */,
				A487C8BA233E277F00088B6E /* NewsDetailView.swift in Sources */,
				A4E7BDFF233E07320050FF23 /* HTTPHeaders.swift in Sources */,
				A4E7BE11233E07FB0050FF23 /* Router.swift in Sources */,
				A4E7BE1B233E0B410050FF23 /* ImageLoader.swift in Sources */,
				A4E7BE0F233E07E20050FF23 /* NetWorkRouter.swift in Sources */,
				A4E7BE01233E07490050FF23 /* Parameter.swift in Sources */,
				A4E7BDE7233E05B00050FF23 /* ViewController.swift in Sources */,
				A4E7BE19233E0A0F0050FF23 /* NewsModule.swift in Sources */,
				A4E7BE06233E07760050FF23 /* URLEncoding.swift in Sources */,
				A4E7BE16233E087E0050FF23 /* EndPointType.swift in Sources */,
				A4E7BDE3233E05B00050FF23 /* AppDelegate.swift in Sources */,
				A4E7BDF8233E06D10050FF23 /* EndPoint.swift in Sources */,
				A4E7BE1E233E0CFE0050FF23 /* AutoLayout.swift in Sources */,
				A4E7BDE5233E05B00050FF23 /* SceneDelegate.swift in Sources */,
			);
			runOnlyForDeploymentPostprocessing = 0;
		};
/* End PBXSourcesBuildPhase section */

/* Begin PBXVariantGroup section */
		A4E7BDE8233E05B00050FF23 /* Main.storyboard */ = {
			isa = PBXVariantGroup;
			children = (
				A4E7BDE9233E05B00050FF23 /* Base */,
			);
			name = Main.storyboard;
			sourceTree = "<group>";
		};
		A4E7BDED233E05B30050FF23 /* LaunchScreen.storyboard */ = {
			isa = PBXVariantGroup;
			children = (
				A4E7BDEE233E05B30050FF23 /* Base */,
			);
			name = LaunchScreen.storyboard;
			sourceTree = "<group>";
		};
/* End PBXVariantGroup section */

/* Begin XCBuildConfiguration section */
		A4E7BDF1233E05B30050FF23 /* Debug */ = {
			isa = XCBuildConfiguration;
			buildSettings = {
				ALWAYS_SEARCH_USER_PATHS = NO;
				CLANG_ANALYZER_NONNULL = YES;
				CLANG_ANALYZER_NUMBER_OBJECT_CONVERSION = YES_AGGRESSIVE;
				CLANG_CXX_LANGUAGE_STANDARD = "gnu++14";
				CLANG_CXX_LIBRARY = "libc++";
				CLANG_ENABLE_MODULES = YES;
				CLANG_ENABLE_OBJC_ARC = YES;
				CLANG_ENABLE_OBJC_WEAK = YES;
				CLANG_WARN_BLOCK_CAPTURE_AUTORELEASING = YES;
				CLANG_WARN_BOOL_CONVERSION = YES;
				CLANG_WARN_COMMA = YES;
				CLANG_WARN_CONSTANT_CONVERSION = YES;
				CLANG_WARN_DEPRECATED_OBJC_IMPLEMENTATIONS = YES;
				CLANG_WARN_DIRECT_OBJC_ISA_USAGE = YES_ERROR;
				CLANG_WARN_DOCUMENTATION_COMMENTS = YES;
				CLANG_WARN_EMPTY_BODY = YES;
				CLANG_WARN_ENUM_CONVERSION = YES;
				CLANG_WARN_INFINITE_RECURSION = YES;
				CLANG_WARN_INT_CONVERSION = YES;
				CLANG_WARN_NON_LITERAL_NULL_CONVERSION = YES;
				CLANG_WARN_OBJC_IMPLICIT_RETAIN_SELF = YES;
				CLANG_WARN_OBJC_LITERAL_CONVERSION = YES;
				CLANG_WARN_OBJC_ROOT_CLASS = YES_ERROR;
				CLANG_WARN_RANGE_LOOP_ANALYSIS = YES;
				CLANG_WARN_STRICT_PROTOTYPES = YES;
				CLANG_WARN_SUSPICIOUS_MOVE = YES;
				CLANG_WARN_UNGUARDED_AVAILABILITY = YES_AGGRESSIVE;
				CLANG_WARN_UNREACHABLE_CODE = YES;
				CLANG_WARN__DUPLICATE_METHOD_MATCH = YES;
				COPY_PHASE_STRIP = NO;
				DEBUG_INFORMATION_FORMAT = dwarf;
				ENABLE_STRICT_OBJC_MSGSEND = YES;
				ENABLE_TESTABILITY = YES;
				GCC_C_LANGUAGE_STANDARD = gnu11;
				GCC_DYNAMIC_NO_PIC = NO;
				GCC_NO_COMMON_BLOCKS = YES;
				GCC_OPTIMIZATION_LEVEL = 0;
				GCC_PREPROCESSOR_DEFINITIONS = (
					"DEBUG=1",
					"$(inherited)",
				);
				GCC_WARN_64_TO_32_BIT_CONVERSION = YES;
				GCC_WARN_ABOUT_RETURN_TYPE = YES_ERROR;
				GCC_WARN_UNDECLARED_SELECTOR = YES;
				GCC_WARN_UNINITIALIZED_AUTOS = YES_AGGRESSIVE;
				GCC_WARN_UNUSED_FUNCTION = YES;
				GCC_WARN_UNUSED_VARIABLE = YES;
				IPHONEOS_DEPLOYMENT_TARGET = 13.0;
				MTL_ENABLE_DEBUG_INFO = INCLUDE_SOURCE;
				MTL_FAST_MATH = YES;
				ONLY_ACTIVE_ARCH = YES;
				SDKROOT = iphoneos;
				SWIFT_ACTIVE_COMPILATION_CONDITIONS = DEBUG;
				SWIFT_OPTIMIZATION_LEVEL = "-Onone";
			};
			name = Debug;
		};
		A4E7BDF2233E05B30050FF23 /* Release */ = {
			isa = XCBuildConfiguration;
			buildSettings = {
				ALWAYS_SEARCH_USER_PATHS = NO;
				CLANG_ANALYZER_NONNULL = YES;
				CLANG_ANALYZER_NUMBER_OBJECT_CONVERSION = YES_AGGRESSIVE;
				CLANG_CXX_LANGUAGE_STANDARD = "gnu++14";
				CLANG_CXX_LIBRARY = "libc++";
				CLANG_ENABLE_MODULES = YES;
				CLANG_ENABLE_OBJC_ARC = YES;
				CLANG_ENABLE_OBJC_WEAK = YES;
				CLANG_WARN_BLOCK_CAPTURE_AUTORELEASING = YES;
				CLANG_WARN_BOOL_CONVERSION = YES;
				CLANG_WARN_COMMA = YES;
				CLANG_WARN_CONSTANT_CONVERSION = YES;
				CLANG_WARN_DEPRECATED_OBJC_IMPLEMENTATIONS = YES;
				CLANG_WARN_DIRECT_OBJC_ISA_USAGE = YES_ERROR;
				CLANG_WARN_DOCUMENTATION_COMMENTS = YES;
				CLANG_WARN_EMPTY_BODY = YES;
				CLANG_WARN_ENUM_CONVERSION = YES;
				CLANG_WARN_INFINITE_RECURSION = YES;
				CLANG_WARN_INT_CONVERSION = YES;
				CLANG_WARN_NON_LITERAL_NULL_CONVERSION = YES;
				CLANG_WARN_OBJC_IMPLICIT_RETAIN_SELF = YES;
				CLANG_WARN_OBJC_LITERAL_CONVERSION = YES;
				CLANG_WARN_OBJC_ROOT_CLASS = YES_ERROR;
				CLANG_WARN_RANGE_LOOP_ANALYSIS = YES;
				CLANG_WARN_STRICT_PROTOTYPES = YES;
				CLANG_WARN_SUSPICIOUS_MOVE = YES;
				CLANG_WARN_UNGUARDED_AVAILABILITY = YES_AGGRESSIVE;
				CLANG_WARN_UNREACHABLE_CODE = YES;
				CLANG_WARN__DUPLICATE_METHOD_MATCH = YES;
				COPY_PHASE_STRIP = NO;
				DEBUG_INFORMATION_FORMAT = "dwarf-with-dsym";
				ENABLE_NS_ASSERTIONS = NO;
				ENABLE_STRICT_OBJC_MSGSEND = YES;
				GCC_C_LANGUAGE_STANDARD = gnu11;
				GCC_NO_COMMON_BLOCKS = YES;
				GCC_WARN_64_TO_32_BIT_CONVERSION = YES;
				GCC_WARN_ABOUT_RETURN_TYPE = YES_ERROR;
				GCC_WARN_UNDECLARED_SELECTOR = YES;
				GCC_WARN_UNINITIALIZED_AUTOS = YES_AGGRESSIVE;
				GCC_WARN_UNUSED_FUNCTION = YES;
				GCC_WARN_UNUSED_VARIABLE = YES;
				IPHONEOS_DEPLOYMENT_TARGET = 13.0;
				MTL_ENABLE_DEBUG_INFO = NO;
				MTL_FAST_MATH = YES;
				SDKROOT = iphoneos;
				SWIFT_COMPILATION_MODE = wholemodule;
				SWIFT_OPTIMIZATION_LEVEL = "-O";
				VALIDATE_PRODUCT = YES;
			};
			name = Release;
		};
		A4E7BDF4233E05B30050FF23 /* Debug */ = {
			isa = XCBuildConfiguration;
			baseConfigurationReference = 3DE8F40328142733C45DE5EA /* Pods-NewsProject.debug.xcconfig */;
			buildSettings = {
				ASSETCATALOG_COMPILER_APPICON_NAME = AppIcon;
				CODE_SIGN_STYLE = Automatic;
				DEVELOPMENT_TEAM = KGL7D9XAQ6;
				INFOPLIST_FILE = NewsProject/Info.plist;
				LD_RUNPATH_SEARCH_PATHS = (
					"$(inherited)",
					"@executable_path/Frameworks",
				);
				PRODUCT_BUNDLE_IDENTIFIER = cheena.NewsProject;
				PRODUCT_NAME = "$(TARGET_NAME)";
				SWIFT_VERSION = 5.0;
				TARGETED_DEVICE_FAMILY = "1,2";
			};
			name = Debug;
		};
		A4E7BDF5233E05B30050FF23 /* Release */ = {
			isa = XCBuildConfiguration;
			baseConfigurationReference = E6F67DEE43B0170BB9DEB6B2 /* Pods-NewsProject.release.xcconfig */;
			buildSettings = {
				ASSETCATALOG_COMPILER_APPICON_NAME = AppIcon;
				CODE_SIGN_STYLE = Automatic;
				DEVELOPMENT_TEAM = KGL7D9XAQ6;
				INFOPLIST_FILE = NewsProject/Info.plist;
				LD_RUNPATH_SEARCH_PATHS = (
					"$(inherited)",
					"@executable_path/Frameworks",
				);
				PRODUCT_BUNDLE_IDENTIFIER = cheena.NewsProject;
				PRODUCT_NAME = "$(TARGET_NAME)";
				SWIFT_VERSION = 5.0;
				TARGETED_DEVICE_FAMILY = "1,2";
			};
			name = Release;
		};
/* End XCBuildConfiguration section */

/* Begin XCConfigurationList section */
		A4E7BDDA233E05B00050FF23 /* Build configuration list for PBXProject "NewsProject" */ = {
			isa = XCConfigurationList;
			buildConfigurations = (
				A4E7BDF1233E05B30050FF23 /* Debug */,
				A4E7BDF2233E05B30050FF23 /* Release */,
			);
			defaultConfigurationIsVisible = 0;
			defaultConfigurationName = Release;
		};
		A4E7BDF3233E05B30050FF23 /* Build configuration list for PBXNativeTarget "NewsProject" */ = {
			isa = XCConfigurationList;
			buildConfigurations = (
				A4E7BDF4233E05B30050FF23 /* Debug */,
				A4E7BDF5233E05B30050FF23 /* Release */,
			);
			defaultConfigurationIsVisible = 0;
			defaultConfigurationName = Release;
		};
/* End XCConfigurationList section */
	};
	rootObject = A4E7BDD7233E05B00050FF23 /* Project object */;
}
